
Microsoft Visual Studio Solution File, Format Version 12.00
# Visual Studio Version 17
VisualStudioVersion = 17.7.34031.279
MinimumVisualStudioVersion = 10.0.40219.1
Project("{8BC9CEB8-8B4A-11D0-8D11-00A0C91BC942}") = "Creating_a_Window", "Creating_a_Window\Creating_a_Window.vcxproj", "{78985B41-2ED0-4726-9FC5-BA88E8F289AB}"
EndProject
Project("{8BC9CEB8-8B4A-11D0-8D11-00A0C91BC942}") = "Shaders", "Shaders\Shaders.vcxproj", "{FA566011-1A99-4218-B309-F0B8EE981C91}"
EndProject
Project("{8BC9CEB8-8B4A-11D0-8D11-00A0C91BC942}") = "Textures", "Textures\Textures.vcxproj", "{84DC5760-3536-4F71-9918-CEBEE1DBBB7F}"
EndProject
Project("{8BC9CEB8-8B4A-11D0-8D11-00A0C91BC942}") = "Transformations", "Transformations\Transformations.vcxproj", "{B21A864B-0A57-4912-8576-85D33D13086B}"
EndProject
Global
	GlobalSection(SolutionConfigurationPlatforms) = preSolution
		Debug|x64 = Debug|x64
		Debug|x86 = Debug|x86
		Release|x64 = Release|x64
		Release|x86 = Release|x86
	EndGlobalSection
	GlobalSection(ProjectConfigurationPlatforms) = postSolution
		{78985B41-2ED0-4726-9FC5-BA88E8F289AB}.Debug|x64.ActiveCfg = Debug|x64
		{78985B41-2ED0-4726-9FC5-BA88E8F289AB}.Debug|x64.Build.0 = Debug|x64
		{78985B41-2ED0-4726-9FC5-BA88E8F289AB}.Debug|x86.ActiveCfg = Debug|Win32
		{78985B41-2ED0-4726-9FC5-BA88E8F289AB}.Debug|x86.Build.0 = Debug|Win32
		{78985B41-2ED0-4726-9FC5-BA88E8F289AB}.Release|x64.ActiveCfg = Release|x64
		{78985B41-2ED0-4726-9FC5-BA88E8F289AB}.Release|x64.Build.0 = Release|x64
		{78985B41-2ED0-4726-9FC5-BA88E8F289AB}.Release|x86.ActiveCfg = Release|Win32
		{78985B41-2ED0-4726-9FC5-BA88E8F289AB}.Release|x86.Build.0 = Release|Win32
		{FA566011-1A99-4218-B309-F0B8EE981C91}.Debug|x64.ActiveCfg = Debug|x64
		{FA566011-1A99-4218-B309-F0B8EE981C91}.Debug|x64.Build.0 = Debug|x64
		{FA566011-1A99-4218-B309-F0B8EE981C91}.Debug|x86.ActiveCfg = Debug|Win32
		{FA566011-1A99-4218-B309-F0B8EE981C91}.Debug|x86.Build.0 = Debug|Win32
		{FA566011-1A99-4218-B309-F0B8EE981C91}.Release|x64.ActiveCfg = Release|x64
		{FA566011-1A99-4218-B309-F0B8EE981C91}.Release|x64.Build.0 = Release|x64
		{FA566011-1A99-4218-B309-F0B8EE981C91}.Release|x86.ActiveCfg = Release|Win32
		{FA566011-1A99-4218-B309-F0B8EE981C91}.Release|x86.Build.0 = Release|Win32
		{84DC5760-3536-4F71-9918-CEBEE1DBBB7F}.Debug|x64.ActiveCfg = Debug|x64
		{84DC5760-3536-4F71-9918-CEBEE1DBBB7F}.Debug|x64.Build.0 = Debug|x64
		{84DC5760-3536-4F71-9918-CEBEE1DBBB7F}.Debug|x86.ActiveCfg = Debug|Win32
		{84DC5760-3536-4F71-9918-CEBEE1DBBB7F}.Debug|x86.Build.0 = Debug|Win32
		{84DC5760-3536-4F71-9918-CEBEE1DBBB7F}.Release|x64.ActiveCfg = Release|x64
		{84DC5760-3536-4F71-9918-CEBEE1DBBB7F}.Release|x64.Build.0 = Release|x64
		{84DC5760-3536-4F71-9918-CEBEE1DBBB7F}.Release|x86.ActiveCfg = Release|Win32
		{84DC5760-3536-4F71-9918-CEBEE1DBBB7F}.Release|x86.Build.0 = Release|Win32
		{B21A864B-0A57-4912-8576-85D33D13086B}.Debug|x64.ActiveCfg = Debug|x64
		{B21A864B-0A57-4912-8576-85D33D13086B}.Debug|x64.Build.0 = Debug|x64
		{B21A864B-0A57-4912-8576-85D33D13086B}.Debug|x86.ActiveCfg = Debug|Win32
		{B21A864B-0A57-4912-8576-85D33D13086B}.Debug|x86.Build.0 = Debug|Win32
		{B21A864B-0A57-4912-8576-85D33D13086B}.Release|x64.ActiveCfg = Release|x64
		{B21A864B-0A57-4912-8576-85D33D13086B}.Release|x64.Build.0 = Release|x64
		{B21A864B-0A57-4912-8576-85D33D13086B}.Release|x86.ActiveCfg = Release|Win32
		{B21A864B-0A57-4912-8576-85D33D13086B}.Release|x86.Build.0 = Release|Win32
	EndGlobalSection
	GlobalSection(SolutionProperties) = preSolution
		HideSolutionNode = FALSE
	EndGlobalSection
	GlobalSection(ExtensibilityGlobals) = postSolution
		SolutionGuid = {9E22C063-A342-4223-AD1B-F0E9308E4EDE}
	EndGlobalSection
EndGlobal
